// !$*UTF8*$!
{
	archiveVersion = 1;
	classes = {
	};
	objectVersion = 70;
	objects = {

/* Begin PBXBuildFile section */
		6621A11D2C36DDF40055A2B6 /* StopwatchViewModel.swift in Sources */ = {isa = PBXBuildFile; fileRef = 6621A11C2C36DDF40055A2B6 /* StopwatchViewModel.swift */; };
		6621A1202C38EB310055A2B6 /* StopwatchMainView.swift in Sources */ = {isa = PBXBuildFile; fileRef = 6621A11F2C38EB310055A2B6 /* StopwatchMainView.swift */; };
		66248AA42C1ADB5D006E6E67 /* StopwatchItemView.swift in Sources */ = {isa = PBXBuildFile; fileRef = 66248AA32C1ADB5D006E6E67 /* StopwatchItemView.swift */; };
		66248AA62C1ADC99006E6E67 /* StopwatchItem.swift in Sources */ = {isa = PBXBuildFile; fileRef = 66248AA52C1ADC99006E6E67 /* StopwatchItem.swift */; };
		662BCFE32C1A7A2600A9F721 /* TimetrackerApp.swift in Sources */ = {isa = PBXBuildFile; fileRef = 662BCFE22C1A7A2600A9F721 /* TimetrackerApp.swift */; };
		662BCFE52C1A7A2600A9F721 /* ContentView.swift in Sources */ = {isa = PBXBuildFile; fileRef = 662BCFE42C1A7A2600A9F721 /* ContentView.swift */; };
		662BCFE72C1A7A2700A9F721 /* Assets.xcassets in Resources */ = {isa = PBXBuildFile; fileRef = 662BCFE62C1A7A2700A9F721 /* Assets.xcassets */; };
		662BCFEB2C1A7A2700A9F721 /* Preview Assets.xcassets in Resources */ = {isa = PBXBuildFile; fileRef = 662BCFEA2C1A7A2700A9F721 /* Preview Assets.xcassets */; };
		665574122C1B026200127438 /* SettingsView.swift in Sources */ = {isa = PBXBuildFile; fileRef = 665574112C1B026200127438 /* SettingsView.swift */; };
		AAF6E10B2C6DFC2600C5D832 /* CustomKeyboardKit in Frameworks */ = {isa = PBXBuildFile; productRef = AAF6E10A2C6DFC2600C5D832 /* CustomKeyboardKit */; };
/* End PBXBuildFile section */

/* Begin PBXFileReference section */
		6621A11C2C36DDF40055A2B6 /* StopwatchViewModel.swift */ = {isa = PBXFileReference; lastKnownFileType = sourcecode.swift; path = StopwatchViewModel.swift; sourceTree = "<group>"; };
		6621A11F2C38EB310055A2B6 /* StopwatchMainView.swift */ = {isa = PBXFileReference; lastKnownFileType = sourcecode.swift; path = StopwatchMainView.swift; sourceTree = "<group>"; };
		66248AA32C1ADB5D006E6E67 /* StopwatchItemView.swift */ = {isa = PBXFileReference; lastKnownFileType = sourcecode.swift; path = StopwatchItemView.swift; sourceTree = "<group>"; };
		66248AA52C1ADC99006E6E67 /* StopwatchItem.swift */ = {isa = PBXFileReference; lastKnownFileType = sourcecode.swift; path = StopwatchItem.swift; sourceTree = "<group>"; };
		662BCFDF2C1A7A2600A9F721 /* Stopwatch.app */ = {isa = PBXFileReference; explicitFileType = wrapper.application; includeInIndex = 0; path = Stopwatch.app; sourceTree = BUILT_PRODUCTS_DIR; };
		662BCFE22C1A7A2600A9F721 /* TimetrackerApp.swift */ = {isa = PBXFileReference; lastKnownFileType = sourcecode.swift; path = TimetrackerApp.swift; sourceTree = "<group>"; };
		662BCFE42C1A7A2600A9F721 /* ContentView.swift */ = {isa = PBXFileReference; lastKnownFileType = sourcecode.swift; path = ContentView.swift; sourceTree = "<group>"; };
		662BCFE62C1A7A2700A9F721 /* Assets.xcassets */ = {isa = PBXFileReference; lastKnownFileType = folder.assetcatalog; path = Assets.xcassets; sourceTree = "<group>"; };
		662BCFE82C1A7A2700A9F721 /* Timetrack.entitlements */ = {isa = PBXFileReference; lastKnownFileType = text.plist.entitlements; path = Timetrack.entitlements; sourceTree = "<group>"; };
		662BCFEA2C1A7A2700A9F721 /* Preview Assets.xcassets */ = {isa = PBXFileReference; lastKnownFileType = folder.assetcatalog; path = "Preview Assets.xcassets"; sourceTree = "<group>"; };
		665574112C1B026200127438 /* SettingsView.swift */ = {isa = PBXFileReference; lastKnownFileType = sourcecode.swift; path = SettingsView.swift; sourceTree = "<group>"; };
		668F07D12C1B3C350059ED7B /* Info.plist */ = {isa = PBXFileReference; lastKnownFileType = text.plist; path = Info.plist; sourceTree = "<group>"; };
/* End PBXFileReference section */

/* Begin PBXFileSystemSynchronizedBuildFileExceptionSet section */
		666599382C57E1CA00E27EF6 /* PBXFileSystemSynchronizedBuildFileExceptionSet */ = {
			isa = PBXFileSystemSynchronizedBuildFileExceptionSet;
			membershipExceptions = (
				TimerItem.swift,
				TimerItemView.swift,
				TimerKeyboard.swift,
				TimerOptionsSheet.swift,
				TimersView.swift,
			);
			target = 662BCFDE2C1A7A2600A9F721 /* Stopwatch */;
		};
/* End PBXFileSystemSynchronizedBuildFileExceptionSet section */

/* Begin PBXFileSystemSynchronizedRootGroup section */
		666599372C57E1C900E27EF6 /* Timer */ = {isa = PBXFileSystemSynchronizedRootGroup; exceptions = (666599382C57E1CA00E27EF6 /* PBXFileSystemSynchronizedBuildFileExceptionSet */, ); explicitFileTypes = {}; explicitFolders = (); path = Timer; sourceTree = "<group>"; };
/* End PBXFileSystemSynchronizedRootGroup section */

/* Begin PBXFrameworksBuildPhase section */
		662BCFDC2C1A7A2600A9F721 /* Frameworks */ = {
			isa = PBXFrameworksBuildPhase;
			buildActionMask = 2147483647;
			files = (
				AAF6E10B2C6DFC2600C5D832 /* CustomKeyboardKit in Frameworks */,
			);
			runOnlyForDeploymentPostprocessing = 0;
		};
/* End PBXFrameworksBuildPhase section */

/* Begin PBXGroup section */
		6621A11E2C3771730055A2B6 /* Stopwatch */ = {
			isa = PBXGroup;
			children = (
				665574112C1B026200127438 /* SettingsView.swift */,
				6621A11C2C36DDF40055A2B6 /* StopwatchViewModel.swift */,
				66248AA52C1ADC99006E6E67 /* StopwatchItem.swift */,
				66248AA32C1ADB5D006E6E67 /* StopwatchItemView.swift */,
				6621A11F2C38EB310055A2B6 /* StopwatchMainView.swift */,
			);
			path = Stopwatch;
			sourceTree = "<group>";
		};
		662BCFD62C1A7A2600A9F721 = {
			isa = PBXGroup;
			children = (
				662BCFE12C1A7A2600A9F721 /* Timetrack */,
				662BCFE02C1A7A2600A9F721 /* Products */,
			);
			sourceTree = "<group>";
		};
		662BCFE02C1A7A2600A9F721 /* Products */ = {
			isa = PBXGroup;
			children = (
				662BCFDF2C1A7A2600A9F721 /* Stopwatch.app */,
			);
			name = Products;
			sourceTree = "<group>";
		};
		662BCFE12C1A7A2600A9F721 /* Timetrack */ = {
			isa = PBXGroup;
			children = (
				668F07D12C1B3C350059ED7B /* Info.plist */,
				666599372C57E1C900E27EF6 /* Timer */,
				6621A11E2C3771730055A2B6 /* Stopwatch */,
				662BCFE22C1A7A2600A9F721 /* TimetrackerApp.swift */,
				662BCFE42C1A7A2600A9F721 /* ContentView.swift */,
				662BCFE62C1A7A2700A9F721 /* Assets.xcassets */,
				662BCFE82C1A7A2700A9F721 /* Timetrack.entitlements */,
				662BCFE92C1A7A2700A9F721 /* Preview Content */,
			);
			path = Timetrack;
			sourceTree = "<group>";
		};
		662BCFE92C1A7A2700A9F721 /* Preview Content */ = {
			isa = PBXGroup;
			children = (
				662BCFEA2C1A7A2700A9F721 /* Preview Assets.xcassets */,
			);
			path = "Preview Content";
			sourceTree = "<group>";
		};
/* End PBXGroup section */

/* Begin PBXNativeTarget section */
		662BCFDE2C1A7A2600A9F721 /* Stopwatch */ = {
			isa = PBXNativeTarget;
			buildConfigurationList = 662BCFEE2C1A7A2700A9F721 /* Build configuration list for PBXNativeTarget "Stopwatch" */;
			buildPhases = (
				662BCFDB2C1A7A2600A9F721 /* Sources */,
				662BCFDC2C1A7A2600A9F721 /* Frameworks */,
				662BCFDD2C1A7A2600A9F721 /* Resources */,
			);
			buildRules = (
			);
			dependencies = (
			);
			name = Stopwatch;
			productName = Stopwatch;
			productReference = 662BCFDF2C1A7A2600A9F721 /* Stopwatch.app */;
			productType = "com.apple.product-type.application";
		};
/* End PBXNativeTarget section */

/* Begin PBXProject section */
		662BCFD72C1A7A2600A9F721 /* Project object */ = {
			isa = PBXProject;
			attributes = {
				BuildIndependentTargetsInParallel = 1;
				LastSwiftUpdateCheck = 1600;
				LastUpgradeCheck = 1600;
				TargetAttributes = {
					662BCFDE2C1A7A2600A9F721 = {
						CreatedOnToolsVersion = 16.0;
					};
				};
			};
			buildConfigurationList = 662BCFDA2C1A7A2600A9F721 /* Build configuration list for PBXProject "Timetracker" */;
			compatibilityVersion = "Xcode 15.0";
			developmentRegion = en;
			hasScannedForEncodings = 0;
			knownRegions = (
				en,
				Base,
			);
			mainGroup = 662BCFD62C1A7A2600A9F721;
			packageReferences = (
				AAF6E1092C6DFC2600C5D832 /* XCRemoteSwiftPackageReference "CustomKeyboardKit" */,
			);
			productRefGroup = 662BCFE02C1A7A2600A9F721 /* Products */;
			projectDirPath = "";
			projectRoot = "";
			targets = (
				662BCFDE2C1A7A2600A9F721 /* Stopwatch */,
			);
		};
/* End PBXProject section */

/* Begin PBXResourcesBuildPhase section */
		662BCFDD2C1A7A2600A9F721 /* Resources */ = {
			isa = PBXResourcesBuildPhase;
			buildActionMask = 2147483647;
			files = (
				662BCFEB2C1A7A2700A9F721 /* Preview Assets.xcassets in Resources */,
				662BCFE72C1A7A2700A9F721 /* Assets.xcassets in Resources */,
			);
			runOnlyForDeploymentPostprocessing = 0;
		};
/* End PBXResourcesBuildPhase section */

/* Begin PBXSourcesBuildPhase section */
		662BCFDB2C1A7A2600A9F721 /* Sources */ = {
			isa = PBXSourcesBuildPhase;
			buildActionMask = 2147483647;
			files = (
				665574122C1B026200127438 /* SettingsView.swift in Sources */,
				6621A11D2C36DDF40055A2B6 /* StopwatchViewModel.swift in Sources */,
				66248AA42C1ADB5D006E6E67 /* StopwatchItemView.swift in Sources */,
				662BCFE52C1A7A2600A9F721 /* ContentView.swift in Sources */,
				66248AA62C1ADC99006E6E67 /* StopwatchItem.swift in Sources */,
				662BCFE32C1A7A2600A9F721 /* TimetrackerApp.swift in Sources */,
				6621A1202C38EB310055A2B6 /* StopwatchMainView.swift in Sources */,
			);
			runOnlyForDeploymentPostprocessing = 0;
		};
/* End PBXSourcesBuildPhase section */

/* Begin XCBuildConfiguration section */
		662BCFEC2C1A7A2700A9F721 /* Debug */ = {
			isa = XCBuildConfiguration;
			buildSettings = {
				ALWAYS_SEARCH_USER_PATHS = NO;
				ASSETCATALOG_COMPILER_GENERATE_SWIFT_ASSET_SYMBOL_EXTENSIONS = YES;
				CLANG_ANALYZER_NONNULL = YES;
				CLANG_ANALYZER_NUMBER_OBJECT_CONVERSION = YES_AGGRESSIVE;
				CLANG_CXX_LANGUAGE_STANDARD = "gnu++20";
				CLANG_ENABLE_MODULES = YES;
				CLANG_ENABLE_OBJC_ARC = YES;
				CLANG_ENABLE_OBJC_WEAK = YES;
				CLANG_WARN_BLOCK_CAPTURE_AUTORELEASING = YES;
				CLANG_WARN_BOOL_CONVERSION = YES;
				CLANG_WARN_COMMA = YES;
				CLANG_WARN_CONSTANT_CONVERSION = YES;
				CLANG_WARN_DEPRECATED_OBJC_IMPLEMENTATIONS = YES;
				CLANG_WARN_DIRECT_OBJC_ISA_USAGE = YES_ERROR;
				CLANG_WARN_DOCUMENTATION_COMMENTS = YES;
				CLANG_WARN_EMPTY_BODY = YES;
				CLANG_WARN_ENUM_CONVERSION = YES;
				CLANG_WARN_INFINITE_RECURSION = YES;
				CLANG_WARN_INT_CONVERSION = YES;
				CLANG_WARN_NON_LITERAL_NULL_CONVERSION = YES;
				CLANG_WARN_OBJC_IMPLICIT_RETAIN_SELF = YES;
				CLANG_WARN_OBJC_LITERAL_CONVERSION = YES;
				CLANG_WARN_OBJC_ROOT_CLASS = YES_ERROR;
				CLANG_WARN_QUOTED_INCLUDE_IN_FRAMEWORK_HEADER = YES;
				CLANG_WARN_RANGE_LOOP_ANALYSIS = YES;
				CLANG_WARN_STRICT_PROTOTYPES = YES;
				CLANG_WARN_SUSPICIOUS_MOVE = YES;
				CLANG_WARN_UNGUARDED_AVAILABILITY = YES_AGGRESSIVE;
				CLANG_WARN_UNREACHABLE_CODE = YES;
				CLANG_WARN__DUPLICATE_METHOD_MATCH = YES;
				COPY_PHASE_STRIP = NO;
				DEBUG_INFORMATION_FORMAT = dwarf;
				ENABLE_STRICT_OBJC_MSGSEND = YES;
				ENABLE_TESTABILITY = YES;
				ENABLE_USER_SCRIPT_SANDBOXING = YES;
				GCC_C_LANGUAGE_STANDARD = gnu17;
				GCC_DYNAMIC_NO_PIC = NO;
				GCC_NO_COMMON_BLOCKS = YES;
				GCC_OPTIMIZATION_LEVEL = 0;
				GCC_PREPROCESSOR_DEFINITIONS = (
					"DEBUG=1",
					"$(inherited)",
				);
				GCC_WARN_64_TO_32_BIT_CONVERSION = YES;
				GCC_WARN_ABOUT_RETURN_TYPE = YES_ERROR;
				GCC_WARN_UNDECLARED_SELECTOR = YES;
				GCC_WARN_UNINITIALIZED_AUTOS = YES_AGGRESSIVE;
				GCC_WARN_UNUSED_FUNCTION = YES;
				GCC_WARN_UNUSED_VARIABLE = YES;
				LOCALIZATION_PREFERS_STRING_CATALOGS = YES;
				MTL_ENABLE_DEBUG_INFO = INCLUDE_SOURCE;
				MTL_FAST_MATH = YES;
				ONLY_ACTIVE_ARCH = YES;
				SWIFT_ACTIVE_COMPILATION_CONDITIONS = "DEBUG $(inherited)";
				SWIFT_OPTIMIZATION_LEVEL = "-Onone";
			};
			name = Debug;
		};
		662BCFED2C1A7A2700A9F721 /* Release */ = {
			isa = XCBuildConfiguration;
			buildSettings = {
				ALWAYS_SEARCH_USER_PATHS = NO;
				ASSETCATALOG_COMPILER_GENERATE_SWIFT_ASSET_SYMBOL_EXTENSIONS = YES;
				CLANG_ANALYZER_NONNULL = YES;
				CLANG_ANALYZER_NUMBER_OBJECT_CONVERSION = YES_AGGRESSIVE;
				CLANG_CXX_LANGUAGE_STANDARD = "gnu++20";
				CLANG_ENABLE_MODULES = YES;
				CLANG_ENABLE_OBJC_ARC = YES;
				CLANG_ENABLE_OBJC_WEAK = YES;
				CLANG_WARN_BLOCK_CAPTURE_AUTORELEASING = YES;
				CLANG_WARN_BOOL_CONVERSION = YES;
				CLANG_WARN_COMMA = YES;
				CLANG_WARN_CONSTANT_CONVERSION = YES;
				CLANG_WARN_DEPRECATED_OBJC_IMPLEMENTATIONS = YES;
				CLANG_WARN_DIRECT_OBJC_ISA_USAGE = YES_ERROR;
				CLANG_WARN_DOCUMENTATION_COMMENTS = YES;
				CLANG_WARN_EMPTY_BODY = YES;
				CLANG_WARN_ENUM_CONVERSION = YES;
				CLANG_WARN_INFINITE_RECURSION = YES;
				CLANG_WARN_INT_CONVERSION = YES;
				CLANG_WARN_NON_LITERAL_NULL_CONVERSION = YES;
				CLANG_WARN_OBJC_IMPLICIT_RETAIN_SELF = YES;
				CLANG_WARN_OBJC_LITERAL_CONVERSION = YES;
				CLANG_WARN_OBJC_ROOT_CLASS = YES_ERROR;
				CLANG_WARN_QUOTED_INCLUDE_IN_FRAMEWORK_HEADER = YES;
				CLANG_WARN_RANGE_LOOP_ANALYSIS = YES;
				CLANG_WARN_STRICT_PROTOTYPES = YES;
				CLANG_WARN_SUSPICIOUS_MOVE = YES;
				CLANG_WARN_UNGUARDED_AVAILABILITY = YES_AGGRESSIVE;
				CLANG_WARN_UNREACHABLE_CODE = YES;
				CLANG_WARN__DUPLICATE_METHOD_MATCH = YES;
				COPY_PHASE_STRIP = NO;
				DEBUG_INFORMATION_FORMAT = "dwarf-with-dsym";
				ENABLE_NS_ASSERTIONS = NO;
				ENABLE_STRICT_OBJC_MSGSEND = YES;
				ENABLE_USER_SCRIPT_SANDBOXING = YES;
				GCC_C_LANGUAGE_STANDARD = gnu17;
				GCC_NO_COMMON_BLOCKS = YES;
				GCC_WARN_64_TO_32_BIT_CONVERSION = YES;
				GCC_WARN_ABOUT_RETURN_TYPE = YES_ERROR;
				GCC_WARN_UNDECLARED_SELECTOR = YES;
				GCC_WARN_UNINITIALIZED_AUTOS = YES_AGGRESSIVE;
				GCC_WARN_UNUSED_FUNCTION = YES;
				GCC_WARN_UNUSED_VARIABLE = YES;
				LOCALIZATION_PREFERS_STRING_CATALOGS = YES;
				MTL_ENABLE_DEBUG_INFO = NO;
				MTL_FAST_MATH = YES;
				SWIFT_COMPILATION_MODE = wholemodule;
			};
			name = Release;
		};
		662BCFEF2C1A7A2700A9F721 /* Debug */ = {
			isa = XCBuildConfiguration;
			buildSettings = {
				ASSETCATALOG_COMPILER_APPICON_NAME = AppIcon;
				ASSETCATALOG_COMPILER_GLOBAL_ACCENT_COLOR_NAME = AccentColor;
				CODE_SIGN_ENTITLEMENTS = Timetrack/Timetrack.entitlements;
				CODE_SIGN_IDENTITY = "Apple Development";
				"CODE_SIGN_IDENTITY[sdk=macosx*]" = "Apple Development";
				CODE_SIGN_STYLE = Automatic;
				CURRENT_PROJECT_VERSION = 1;
				DEVELOPMENT_ASSET_PATHS = "\"Timetrack/Preview Content\"";
				DEVELOPMENT_TEAM = ZL64HBDS45;
				ENABLE_HARDENED_RUNTIME = YES;
				ENABLE_PREVIEWS = YES;
				GENERATE_INFOPLIST_FILE = YES;
				INFOPLIST_FILE = Timetrack/Info.plist;
				INFOPLIST_KEY_CFBundleDisplayName = Timetrack;
				INFOPLIST_KEY_LSApplicationCategoryType = "public.app-category.utilities";
				"INFOPLIST_KEY_UIApplicationSceneManifest_Generation[sdk=iphoneos*]" = YES;
				"INFOPLIST_KEY_UIApplicationSceneManifest_Generation[sdk=iphonesimulator*]" = YES;
				"INFOPLIST_KEY_UIApplicationSupportsIndirectInputEvents[sdk=iphoneos*]" = YES;
				"INFOPLIST_KEY_UIApplicationSupportsIndirectInputEvents[sdk=iphonesimulator*]" = YES;
				"INFOPLIST_KEY_UILaunchScreen_Generation[sdk=iphoneos*]" = YES;
				"INFOPLIST_KEY_UILaunchScreen_Generation[sdk=iphonesimulator*]" = YES;
				"INFOPLIST_KEY_UIStatusBarStyle[sdk=iphoneos*]" = UIStatusBarStyleDefault;
				"INFOPLIST_KEY_UIStatusBarStyle[sdk=iphonesimulator*]" = UIStatusBarStyleDefault;
				INFOPLIST_KEY_UISupportedInterfaceOrientations = UIInterfaceOrientationPortrait;
				INFOPLIST_KEY_UISupportedInterfaceOrientations_iPad = "UIInterfaceOrientationLandscapeLeft UIInterfaceOrientationLandscapeRight UIInterfaceOrientationPortrait";
				IPHONEOS_DEPLOYMENT_TARGET = 18.0;
				LD_RUNPATH_SEARCH_PATHS = "@executable_path/Frameworks";
				"LD_RUNPATH_SEARCH_PATHS[sdk=macosx*]" = "@executable_path/../Frameworks";
				MACOSX_DEPLOYMENT_TARGET = 15.0;
				MARKETING_VERSION = 1.0;
				PRODUCT_BUNDLE_IDENTIFIER = com.ethan.timetracker;
				PRODUCT_NAME = "$(TARGET_NAME)";
				PROVISIONING_PROFILE_SPECIFIER = "";
				SDKROOT = auto;
				SUPPORTED_PLATFORMS = "iphoneos iphonesimulator macosx";
				SUPPORTS_MACCATALYST = NO;
				SWIFT_EMIT_LOC_STRINGS = YES;
				SWIFT_VERSION = 5.0;
				TARGETED_DEVICE_FAMILY = "1,2";
				XROS_DEPLOYMENT_TARGET = 2.0;
			};
			name = Debug;
		};
		662BCFF02C1A7A2700A9F721 /* Release */ = {
			isa = XCBuildConfiguration;
			buildSettings = {
				ASSETCATALOG_COMPILER_APPICON_NAME = AppIcon;
				ASSETCATALOG_COMPILER_GLOBAL_ACCENT_COLOR_NAME = AccentColor;
				CODE_SIGN_ENTITLEMENTS = Timetrack/Timetrack.entitlements;
				CODE_SIGN_IDENTITY = "Apple Development";
				"CODE_SIGN_IDENTITY[sdk=macosx*]" = "Apple Development";
				CODE_SIGN_STYLE = Automatic;
				CURRENT_PROJECT_VERSION = 1;
				DEVELOPMENT_ASSET_PATHS = "\"Timetrack/Preview Content\"";
				DEVELOPMENT_TEAM = ZL64HBDS45;
				ENABLE_HARDENED_RUNTIME = YES;
				ENABLE_PREVIEWS = YES;
				GENERATE_INFOPLIST_FILE = YES;
				INFOPLIST_FILE = Timetrack/Info.plist;
				INFOPLIST_KEY_CFBundleDisplayName = Timetrack;
				INFOPLIST_KEY_LSApplicationCategoryType = "public.app-category.utilities";
				"INFOPLIST_KEY_UIApplicationSceneManifest_Generation[sdk=iphoneos*]" = YES;
				"INFOPLIST_KEY_UIApplicationSceneManifest_Generation[sdk=iphonesimulator*]" = YES;
				"INFOPLIST_KEY_UIApplicationSupportsIndirectInputEvents[sdk=iphoneos*]" = YES;
				"INFOPLIST_KEY_UIApplicationSupportsIndirectInputEvents[sdk=iphonesimulator*]" = YES;
				"INFOPLIST_KEY_UILaunchScreen_Generation[sdk=iphoneos*]" = YES;
				"INFOPLIST_KEY_UILaunchScreen_Generation[sdk=iphonesimulator*]" = YES;
				"INFOPLIST_KEY_UIStatusBarStyle[sdk=iphoneos*]" = UIStatusBarStyleDefault;
				"INFOPLIST_KEY_UIStatusBarStyle[sdk=iphonesimulator*]" = UIStatusBarStyleDefault;
				INFOPLIST_KEY_UISupportedInterfaceOrientations = UIInterfaceOrientationPortrait;
				INFOPLIST_KEY_UISupportedInterfaceOrientations_iPad = "UIInterfaceOrientationLandscapeLeft UIInterfaceOrientationLandscapeRight UIInterfaceOrientationPortrait";
				IPHONEOS_DEPLOYMENT_TARGET = 18.0;
				LD_RUNPATH_SEARCH_PATHS = "@executable_path/Frameworks";
				"LD_RUNPATH_SEARCH_PATHS[sdk=macosx*]" = "@executable_path/../Frameworks";
				MACOSX_DEPLOYMENT_TARGET = 15.0;
				MARKETING_VERSION = 1.0;
				PRODUCT_BUNDLE_IDENTIFIER = com.ethan.timetracker;
				PRODUCT_NAME = "$(TARGET_NAME)";
				PROVISIONING_PROFILE_SPECIFIER = "";
				SDKROOT = auto;
				SUPPORTED_PLATFORMS = "iphoneos iphonesimulator macosx";
				SUPPORTS_MACCATALYST = NO;
				SWIFT_EMIT_LOC_STRINGS = YES;
				SWIFT_VERSION = 5.0;
				TARGETED_DEVICE_FAMILY = "1,2";
				XROS_DEPLOYMENT_TARGET = 2.0;
			};
			name = Release;
		};
/* End XCBuildConfiguration section */

/* Begin XCConfigurationList section */
		662BCFDA2C1A7A2600A9F721 /* Build configuration list for PBXProject "Timetracker" */ = {
			isa = XCConfigurationList;
			buildConfigurations = (
				662BCFEC2C1A7A2700A9F721 /* Debug */,
				662BCFED2C1A7A2700A9F721 /* Release */,
			);
			defaultConfigurationIsVisible = 0;
			defaultConfigurationName = Release;
		};
		662BCFEE2C1A7A2700A9F721 /* Build configuration list for PBXNativeTarget "Stopwatch" */ = {
			isa = XCConfigurationList;
			buildConfigurations = (
				662BCFEF2C1A7A2700A9F721 /* Debug */,
				662BCFF02C1A7A2700A9F721 /* Release */,
			);
			defaultConfigurationIsVisible = 0;
			defaultConfigurationName = Release;
		};
/* End XCConfigurationList section */

/* Begin XCRemoteSwiftPackageReference section */
		AAF6E1092C6DFC2600C5D832 /* XCRemoteSwiftPackageReference "CustomKeyboardKit" */ = {
			isa = XCRemoteSwiftPackageReference;
			repositoryURL = "https://github.com/paescebu/CustomKeyboardKit?tab=readme-ov-file";
			requirement = {
				kind = upToNextMajorVersion;
				minimumVersion = 1.0.4;
			};
		};
/* End XCRemoteSwiftPackageReference section */

/* Begin XCSwiftPackageProductDependency section */
		AAF6E10A2C6DFC2600C5D832 /* CustomKeyboardKit */ = {
			isa = XCSwiftPackageProductDependency;
			package = AAF6E1092C6DFC2600C5D832 /* XCRemoteSwiftPackageReference "CustomKeyboardKit" */;
			productName = CustomKeyboardKit;
		};
/* End XCSwiftPackageProductDependency section */
	};
	rootObject = 662BCFD72C1A7A2600A9F721 /* Project object */;
}
